
Microsoft Visual Studio Solution File, Format Version 12.00
# Visual Studio Version 17
VisualStudioVersion = 17.4.33213.308
MinimumVisualStudioVersion = 10.0.40219.1
Project("{FAE04EC0-301F-11D3-BF4B-00C04F79EFBC}") = "Deleter", "1\Deleter.csproj", "{A1A5B886-2D0A-4D2A-AE13-409560D5227C}"
EndProject
Project("{FAE04EC0-301F-11D3-BF4B-00C04F79EFBC}") = "Deleter2", "2\Deleter2.csproj", "{06470A34-BA7D-4FB1-9559-F6909FF3F0A7}"
EndProject
Project("{FAE04EC0-301F-11D3-BF4B-00C04F79EFBC}") = "Deleter3", "3\Deleter3.csproj", "{A8E8DA7C-0C84-4136-83AA-81ED3DD49301}"
EndProject
Project("{FAE04EC0-301F-11D3-BF4B-00C04F79EFBC}") = "Deleter4", "4\Deleter4.csproj", "{D9234E23-00FA-432D-A40F-B73C01C9EFB4}"
EndProject
Project("{FAE04EC0-301F-11D3-BF4B-00C04F79EFBC}") = "Deleter5", "5\Deleter5.csproj", "{69822535-D72E-4368-ADA4-5A07569B250B}"
EndProject
Project("{FAE04EC0-301F-11D3-BF4B-00C04F79EFBC}") = "Deleter6", "6\Deleter6.csproj", "{2E25923A-4B93-49F9-ACA7-1DC6C3D1ACDE}"
EndProject
Project("{FAE04EC0-301F-11D3-BF4B-00C04F79EFBC}") = "Deleter7", "7\Deleter7.csproj", "{63DCBB31-92CD-4464-A86C-A7E51A5FE9FE}"
EndProject
Project("{FAE04EC0-301F-11D3-BF4B-00C04F79EFBC}") = "Deleter8", "8\Deleter8.csproj", "{D4D92BCD-2092-411A-A244-2E0717E7F303}"
EndProject
Project("{FAE04EC0-301F-11D3-BF4B-00C04F79EFBC}") = "Deleter9", "9\Deleter9.csproj", "{63ECC0C4-27D5-4D14-9B42-3CBBDDD2DF4A}"
EndProject
Global
	GlobalSection(SolutionConfigurationPlatforms) = preSolution
		Release|x86 = Release|x86
	EndGlobalSection
	GlobalSection(ProjectConfigurationPlatforms) = postSolution
		{A1A5B886-2D0A-4D2A-AE13-409560D5227C}.Release|x86.ActiveCfg = Release|x86
		{A1A5B886-2D0A-4D2A-AE13-409560D5227C}.Release|x86.Build.0 = Release|x86
		{06470A34-BA7D-4FB1-9559-F6909FF3F0A7}.Release|x86.ActiveCfg = Release|x86
		{06470A34-BA7D-4FB1-9559-F6909FF3F0A7}.Release|x86.Build.0 = Release|x86
		{A8E8DA7C-0C84-4136-83AA-81ED3DD49301}.Release|x86.ActiveCfg = Release|x86
		{A8E8DA7C-0C84-4136-83AA-81ED3DD49301}.Release|x86.Build.0 = Release|x86
		{D9234E23-00FA-432D-A40F-B73C01C9EFB4}.Release|x86.ActiveCfg = Release|x86
		{D9234E23-00FA-432D-A40F-B73C01C9EFB4}.Release|x86.Build.0 = Release|x86
		{69822535-D72E-4368-ADA4-5A07569B250B}.Release|x86.ActiveCfg = Release|x86
		{69822535-D72E-4368-ADA4-5A07569B250B}.Release|x86.Build.0 = Release|x86
		{2E25923A-4B93-49F9-ACA7-1DC6C3D1ACDE}.Release|x86.ActiveCfg = Release|x86
		{2E25923A-4B93-49F9-ACA7-1DC6C3D1ACDE}.Release|x86.Build.0 = Release|x86
		{63DCBB31-92CD-4464-A86C-A7E51A5FE9FE}.Release|x86.ActiveCfg = Release|x86
		{63DCBB31-92CD-4464-A86C-A7E51A5FE9FE}.Release|x86.Build.0 = Release|x86
		{D4D92BCD-2092-411A-A244-2E0717E7F303}.Release|x86.ActiveCfg = Release|x86
		{D4D92BCD-2092-411A-A244-2E0717E7F303}.Release|x86.Build.0 = Release|x86
		{63ECC0C4-27D5-4D14-9B42-3CBBDDD2DF4A}.Release|x86.ActiveCfg = Release|x86
		{63ECC0C4-27D5-4D14-9B42-3CBBDDD2DF4A}.Release|x86.Build.0 = Release|x86
	EndGlobalSection
	GlobalSection(SolutionProperties) = preSolution
		HideSolutionNode = FALSE
	EndGlobalSection
	GlobalSection(ExtensibilityGlobals) = postSolution
		SolutionGuid = {59AE945E-784D-494E-A7BE-ED518B0FF56F}
	EndGlobalSection
EndGlobal
